// !$*UTF8*$!
{
	archiveVersion = 1;
	classes = {
	};
	objectVersion = 56;
	objects = {

/* Begin PBXBuildFile section */
		0E1FDC392A94C6AC7AD6FC2A /* Pods_TextfieldValidationApp.framework in Frameworks */ = {isa = PBXBuildFile; fileRef = DE857F540924957E74494135 /* Pods_TextfieldValidationApp.framework */; };
		3EB7225829E85B0500CDAD56 /* AppDelegate.swift in Sources */ = {isa = PBXBuildFile; fileRef = 3EB7225729E85B0500CDAD56 /* AppDelegate.swift */; };
		3EB7225A29E85B0500CDAD56 /* SceneDelegate.swift in Sources */ = {isa = PBXBuildFile; fileRef = 3EB7225929E85B0500CDAD56 /* SceneDelegate.swift */; };
		3EB7225C29E85B0500CDAD56 /* ViewController.swift in Sources */ = {isa = PBXBuildFile; fileRef = 3EB7225B29E85B0500CDAD56 /* ViewController.swift */; };
		3EB7225F29E85B0500CDAD56 /* Main.storyboard in Resources */ = {isa = PBXBuildFile; fileRef = 3EB7225D29E85B0500CDAD56 /* Main.storyboard */; };
		3EB7226129E85B0600CDAD56 /* Assets.xcassets in Resources */ = {isa = PBXBuildFile; fileRef = 3EB7226029E85B0600CDAD56 /* Assets.xcassets */; };
		3EB7226429E85B0600CDAD56 /* LaunchScreen.storyboard in Resources */ = {isa = PBXBuildFile; fileRef = 3EB7226229E85B0600CDAD56 /* LaunchScreen.storyboard */; };
/* End PBXBuildFile section */

/* Begin PBXFileReference section */
		3EB7225429E85B0500CDAD56 /* TextfieldValidationApp.app */ = {isa = PBXFileReference; explicitFileType = wrapper.application; includeInIndex = 0; path = TextfieldValidationApp.app; sourceTree = BUILT_PRODUCTS_DIR; };
		3EB7225729E85B0500CDAD56 /* AppDelegate.swift */ = {isa = PBXFileReference; lastKnownFileType = sourcecode.swift; path = AppDelegate.swift; sourceTree = "<group>"; };
		3EB7225929E85B0500CDAD56 /* SceneDelegate.swift */ = {isa = PBXFileReference; lastKnownFileType = sourcecode.swift; path = SceneDelegate.swift; sourceTree = "<group>"; };
		3EB7225B29E85B0500CDAD56 /* ViewController.swift */ = {isa = PBXFileReference; lastKnownFileType = sourcecode.swift; path = ViewController.swift; sourceTree = "<group>"; };
		3EB7225E29E85B0500CDAD56 /* Base */ = {isa = PBXFileReference; lastKnownFileType = file.storyboard; name = Base; path = Base.lproj/Main.storyboard; sourceTree = "<group>"; };
		3EB7226029E85B0600CDAD56 /* Assets.xcassets */ = {isa = PBXFileReference; lastKnownFileType = folder.assetcatalog; path = Assets.xcassets; sourceTree = "<group>"; };
		3EB7226329E85B0600CDAD56 /* Base */ = {isa = PBXFileReference; lastKnownFileType = file.storyboard; name = Base; path = Base.lproj/LaunchScreen.storyboard; sourceTree = "<group>"; };
		3EB7226529E85B0600CDAD56 /* Info.plist */ = {isa = PBXFileReference; lastKnownFileType = text.plist.xml; path = Info.plist; sourceTree = "<group>"; };
		BC1C9045EE8686907E61BB7D /* Pods-TextfieldValidationApp.debug.xcconfig */ = {isa = PBXFileReference; includeInIndex = 1; lastKnownFileType = text.xcconfig; name = "Pods-TextfieldValidationApp.debug.xcconfig"; path = "Target Support Files/Pods-TextfieldValidationApp/Pods-TextfieldValidationApp.debug.xcconfig"; sourceTree = "<group>"; };
		D3422A048BBEBA27DAF34FC7 /* Pods-TextfieldValidationApp.release.xcconfig */ = {isa = PBXFileReference; includeInIndex = 1; lastKnownFileType = text.xcconfig; name = "Pods-TextfieldValidationApp.release.xcconfig"; path = "Target Support Files/Pods-TextfieldValidationApp/Pods-TextfieldValidationApp.release.xcconfig"; sourceTree = "<group>"; };
		DE857F540924957E74494135 /* Pods_TextfieldValidationApp.framework */ = {isa = PBXFileReference; explicitFileType = wrapper.framework; includeInIndex = 0; path = Pods_TextfieldValidationApp.framework; sourceTree = BUILT_PRODUCTS_DIR; };
/* End PBXFileReference section */

/* Begin PBXFrameworksBuildPhase section */
		3EB7225129E85B0500CDAD56 /* Frameworks */ = {
			isa = PBXFrameworksBuildPhase;
			buildActionMask = 2147483647;
			files = (
				0E1FDC392A94C6AC7AD6FC2A /* Pods_TextfieldValidationApp.framework in Frameworks */,
			);
			runOnlyForDeploymentPostprocessing = 0;
		};
/* End PBXFrameworksBuildPhase section */

/* Begin PBXGroup section */
		3EB7224B29E85B0500CDAD56 = {
			isa = PBXGroup;
			children = (
				3EB7225629E85B0500CDAD56 /* TextfieldValidationApp */,
				3EB7225529E85B0500CDAD56 /* Products */,
				D625DF5059F009DAFAE90E4E /* Pods */,
				CD352DE06F77077260C6F3A2 /* Frameworks */,
			);
			sourceTree = "<group>";
		};
		3EB7225529E85B0500CDAD56 /* Products */ = {
			isa = PBXGroup;
			children = (
				3EB7225429E85B0500CDAD56 /* TextfieldValidationApp.app */,
			);
			name = Products;
			sourceTree = "<group>";
		};
		3EB7225629E85B0500CDAD56 /* TextfieldValidationApp */ = {
			isa = PBXGroup;
			children = (
				3EB7225729E85B0500CDAD56 /* AppDelegate.swift */,
				3EB7225929E85B0500CDAD56 /* SceneDelegate.swift */,
				3EB7225B29E85B0500CDAD56 /* ViewController.swift */,
				3EB7225D29E85B0500CDAD56 /* Main.storyboard */,
				3EB7226029E85B0600CDAD56 /* Assets.xcassets */,
				3EB7226229E85B0600CDAD56 /* LaunchScreen.storyboard */,
				3EB7226529E85B0600CDAD56 /* Info.plist */,
			);
			path = TextfieldValidationApp;
			sourceTree = "<group>";
		};
		CD352DE06F77077260C6F3A2 /* Frameworks */ = {
			isa = PBXGroup;
			children = (
				DE857F540924957E74494135 /* Pods_TextfieldValidationApp.framework */,
			);
			name = Frameworks;
			sourceTree = "<group>";
		};
		D625DF5059F009DAFAE90E4E /* Pods */ = {
			isa = PBXGroup;
			children = (
				BC1C9045EE8686907E61BB7D /* Pods-TextfieldValidationApp.debug.xcconfig */,
				D3422A048BBEBA27DAF34FC7 /* Pods-TextfieldValidationApp.release.xcconfig */,
			);
			name = Pods;
			path = Pods;
			sourceTree = "<group>";
		};
/* End PBXGroup section */

/* Begin PBXNativeTarget section */
		3EB7225329E85B0500CDAD56 /* TextfieldValidationApp */ = {
			isa = PBXNativeTarget;
			buildConfigurationList = 3EB7226829E85B0600CDAD56 /* Build configuration list for PBXNativeTarget "TextfieldValidationApp" */;
			buildPhases = (
				0A94741C00738FA06B14A5F6 /* [CP] Check Pods Manifest.lock */,
				3EB7225029E85B0500CDAD56 /* Sources */,
				3EB7225129E85B0500CDAD56 /* Frameworks */,
				3EB7225229E85B0500CDAD56 /* Resources */,
				6BC920477F42B8DA0DF7F44B /* [CP] Embed Pods Frameworks */,
			);
			buildRules = (
			);
			dependencies = (
			);
			name = TextfieldValidationApp;
			productName = TextfieldValidationApp;
			productReference = 3EB7225429E85B0500CDAD56 /* TextfieldValidationApp.app */;
			productType = "com.apple.product-type.application";
		};
/* End PBXNativeTarget section */

/* Begin PBXProject section */
		3EB7224C29E85B0500CDAD56 /* Project object */ = {
			isa = PBXProject;
			attributes = {
				BuildIndependentTargetsInParallel = 1;
				LastSwiftUpdateCheck = 1410;
				LastUpgradeCheck = 1410;
				TargetAttributes = {
					3EB7225329E85B0500CDAD56 = {
						CreatedOnToolsVersion = 14.1;
					};
				};
			};
			buildConfigurationList = 3EB7224F29E85B0500CDAD56 /* Build configuration list for PBXProject "TextfieldValidationApp" */;
			compatibilityVersion = "Xcode 14.0";
			developmentRegion = en;
			hasScannedForEncodings = 0;
			knownRegions = (
				en,
				Base,
			);
			mainGroup = 3EB7224B29E85B0500CDAD56;
			productRefGroup = 3EB7225529E85B0500CDAD56 /* Products */;
			projectDirPath = "";
			projectRoot = "";
			targets = (
				3EB7225329E85B0500CDAD56 /* TextfieldValidationApp */,
			);
		};
/* End PBXProject section */

/* Begin PBXResourcesBuildPhase section */
		3EB7225229E85B0500CDAD56 /* Resources */ = {
			isa = PBXResourcesBuildPhase;
			buildActionMask = 2147483647;
			files = (
				3EB7226429E85B0600CDAD56 /* LaunchScreen.storyboard in Resources */,
				3EB7226129E85B0600CDAD56 /* Assets.xcassets in Resources */,
				3EB7225F29E85B0500CDAD56 /* Main.storyboard in Resources */,
			);
			runOnlyForDeploymentPostprocessing = 0;
		};
/* End PBXResourcesBuildPhase section */

/* Begin PBXShellScriptBuildPhase section */
		0A94741C00738FA06B14A5F6 /* [CP] Check Pods Manifest.lock */ = {
			isa = PBXShellScriptBuildPhase;
			buildActionMask = 2147483647;
			files = (
			);
			inputFileListPaths = (
			);
			inputPaths = (
				"${PODS_PODFILE_DIR_PATH}/Podfile.lock",
				"${PODS_ROOT}/Manifest.lock",
			);
			name = "[CP] Check Pods Manifest.lock";
			outputFileListPaths = (
			);
			outputPaths = (
				"$(DERIVED_FILE_DIR)/Pods-TextfieldValidationApp-checkManifestLockResult.txt",
			);
			runOnlyForDeploymentPostprocessing = 0;
			shellPath = /bin/sh;
			shellScript = "diff \"${PODS_PODFILE_DIR_PATH}/Podfile.lock\" \"${PODS_ROOT}/Manifest.lock\" > /dev/null\nif [ $? != 0 ] ; then\n    # print error to STDERR\n    echo \"error: The sandbox is not in sync with the Podfile.lock. Run 'pod install' or update your CocoaPods installation.\" >&2\n    exit 1\nfi\n# This output is used by Xcode 'outputs' to avoid re-running this script phase.\necho \"SUCCESS\" > \"${SCRIPT_OUTPUT_FILE_0}\"\n";
			showEnvVarsInLog = 0;
		};
		6BC920477F42B8DA0DF7F44B /* [CP] Embed Pods Frameworks */ = {
			isa = PBXShellScriptBuildPhase;
			buildActionMask = 2147483647;
			files = (
			);
			inputFileListPaths = (
				"${PODS_ROOT}/Target Support Files/Pods-TextfieldValidationApp/Pods-TextfieldValidationApp-frameworks-${CONFIGURATION}-input-files.xcfilelist",
			);
			name = "[CP] Embed Pods Frameworks";
			outputFileListPaths = (
				"${PODS_ROOT}/Target Support Files/Pods-TextfieldValidationApp/Pods-TextfieldValidationApp-frameworks-${CONFIGURATION}-output-files.xcfilelist",
			);
			runOnlyForDeploymentPostprocessing = 0;
			shellPath = /bin/sh;
			shellScript = "\"${PODS_ROOT}/Target Support Files/Pods-TextfieldValidationApp/Pods-TextfieldValidationApp-frameworks.sh\"\n";
			showEnvVarsInLog = 0;
		};
/* End PBXShellScriptBuildPhase section */

/* Begin PBXSourcesBuildPhase section */
		3EB7225029E85B0500CDAD56 /* Sources */ = {
			isa = PBXSourcesBuildPhase;
			buildActionMask = 2147483647;
			files = (
				3EB7225C29E85B0500CDAD56 /* ViewController.swift in Sources */,
				3EB7225829E85B0500CDAD56 /* AppDelegate.swift in Sources */,
				3EB7225A29E85B0500CDAD56 /* SceneDelegate.swift in Sources */,
			);
			runOnlyForDeploymentPostprocessing = 0;
		};
/* End PBXSourcesBuildPhase section */

/* Begin PBXVariantGroup section */
		3EB7225D29E85B0500CDAD56 /* Main.storyboard */ = {
			isa = PBXVariantGroup;
			children = (
				3EB7225E29E85B0500CDAD56 /* Base */,
			);
			name = Main.storyboard;
			sourceTree = "<group>";
		};
		3EB7226229E85B0600CDAD56 /* LaunchScreen.storyboard */ = {
			isa = PBXVariantGroup;
			children = (
				3EB7226329E85B0600CDAD56 /* Base */,
			);
			name = LaunchScreen.storyboard;
			sourceTree = "<group>";
		};
/* End PBXVariantGroup section */

/* Begin XCBuildConfiguration section */
		3EB7226629E85B0600CDAD56 /* Debug */ = {
			isa = XCBuildConfiguration;
			buildSettings = {
				ALWAYS_SEARCH_USER_PATHS = NO;
				CLANG_ANALYZER_NONNULL = YES;
				CLANG_ANALYZER_NUMBER_OBJECT_CONVERSION = YES_AGGRESSIVE;
				CLANG_CXX_LANGUAGE_STANDARD = "gnu++20";
				CLANG_ENABLE_MODULES = YES;
				CLANG_ENABLE_OBJC_ARC = YES;
				CLANG_ENABLE_OBJC_WEAK = YES;
				CLANG_WARN_BLOCK_CAPTURE_AUTORELEASING = YES;
				CLANG_WARN_BOOL_CONVERSION = YES;
				CLANG_WARN_COMMA = YES;
				CLANG_WARN_CONSTANT_CONVERSION = YES;
				CLANG_WARN_DEPRECATED_OBJC_IMPLEMENTATIONS = YES;
				CLANG_WARN_DIRECT_OBJC_ISA_USAGE = YES_ERROR;
				CLANG_WARN_DOCUMENTATION_COMMENTS = YES;
				CLANG_WARN_EMPTY_BODY = YES;
				CLANG_WARN_ENUM_CONVERSION = YES;
				CLANG_WARN_INFINITE_RECURSION = YES;
				CLANG_WARN_INT_CONVERSION = YES;
				CLANG_WARN_NON_LITERAL_NULL_CONVERSION = YES;
				CLANG_WARN_OBJC_IMPLICIT_RETAIN_SELF = YES;
				CLANG_WARN_OBJC_LITERAL_CONVERSION = YES;
				CLANG_WARN_OBJC_ROOT_CLASS = YES_ERROR;
				CLANG_WARN_QUOTED_INCLUDE_IN_FRAMEWORK_HEADER = YES;
				CLANG_WARN_RANGE_LOOP_ANALYSIS = YES;
				CLANG_WARN_STRICT_PROTOTYPES = YES;
				CLANG_WARN_SUSPICIOUS_MOVE = YES;
				CLANG_WARN_UNGUARDED_AVAILABILITY = YES_AGGRESSIVE;
				CLANG_WARN_UNREACHABLE_CODE = YES;
				CLANG_WARN__DUPLICATE_METHOD_MATCH = YES;
				COPY_PHASE_STRIP = NO;
				DEBUG_INFORMATION_FORMAT = dwarf;
				ENABLE_STRICT_OBJC_MSGSEND = YES;
				ENABLE_TESTABILITY = YES;
				GCC_C_LANGUAGE_STANDARD = gnu11;
				GCC_DYNAMIC_NO_PIC = NO;
				GCC_NO_COMMON_BLOCKS = YES;
				GCC_OPTIMIZATION_LEVEL = 0;
				GCC_PREPROCESSOR_DEFINITIONS = (
					"DEBUG=1",
					"$(inherited)",
				);
				GCC_WARN_64_TO_32_BIT_CONVERSION = YES;
				GCC_WARN_ABOUT_RETURN_TYPE = YES_ERROR;
				GCC_WARN_UNDECLARED_SELECTOR = YES;
				GCC_WARN_UNINITIALIZED_AUTOS = YES_AGGRESSIVE;
				GCC_WARN_UNUSED_FUNCTION = YES;
				GCC_WARN_UNUSED_VARIABLE = YES;
				IPHONEOS_DEPLOYMENT_TARGET = 16.1;
				MTL_ENABLE_DEBUG_INFO = INCLUDE_SOURCE;
				MTL_FAST_MATH = YES;
				ONLY_ACTIVE_ARCH = YES;
				SDKROOT = iphoneos;
				SWIFT_ACTIVE_COMPILATION_CONDITIONS = DEBUG;
				SWIFT_OPTIMIZATION_LEVEL = "-Onone";
			};
			name = Debug;
		};
		3EB7226729E85B0600CDAD56 /* Release */ = {
			isa = XCBuildConfiguration;
			buildSettings = {
				ALWAYS_SEARCH_USER_PATHS = NO;
				CLANG_ANALYZER_NONNULL = YES;
				CLANG_ANALYZER_NUMBER_OBJECT_CONVERSION = YES_AGGRESSIVE;
				CLANG_CXX_LANGUAGE_STANDARD = "gnu++20";
				CLANG_ENABLE_MODULES = YES;
				CLANG_ENABLE_OBJC_ARC = YES;
				CLANG_ENABLE_OBJC_WEAK = YES;
				CLANG_WARN_BLOCK_CAPTURE_AUTORELEASING = YES;
				CLANG_WARN_BOOL_CONVERSION = YES;
				CLANG_WARN_COMMA = YES;
				CLANG_WARN_CONSTANT_CONVERSION = YES;
				CLANG_WARN_DEPRECATED_OBJC_IMPLEMENTATIONS = YES;
				CLANG_WARN_DIRECT_OBJC_ISA_USAGE = YES_ERROR;
				CLANG_WARN_DOCUMENTATION_COMMENTS = YES;
				CLANG_WARN_EMPTY_BODY = YES;
				CLANG_WARN_ENUM_CONVERSION = YES;
				CLANG_WARN_INFINITE_RECURSION = YES;
				CLANG_WARN_INT_CONVERSION = YES;
				CLANG_WARN_NON_LITERAL_NULL_CONVERSION = YES;
				CLANG_WARN_OBJC_IMPLICIT_RETAIN_SELF = YES;
				CLANG_WARN_OBJC_LITERAL_CONVERSION = YES;
				CLANG_WARN_OBJC_ROOT_CLASS = YES_ERROR;
				CLANG_WARN_QUOTED_INCLUDE_IN_FRAMEWORK_HEADER = YES;
				CLANG_WARN_RANGE_LOOP_ANALYSIS = YES;
				CLANG_WARN_STRICT_PROTOTYPES = YES;
				CLANG_WARN_SUSPICIOUS_MOVE = YES;
				CLANG_WARN_UNGUARDED_AVAILABILITY = YES_AGGRESSIVE;
				CLANG_WARN_UNREACHABLE_CODE = YES;
				CLANG_WARN__DUPLICATE_METHOD_MATCH = YES;
				COPY_PHASE_STRIP = NO;
				DEBUG_INFORMATION_FORMAT = "dwarf-with-dsym";
				ENABLE_NS_ASSERTIONS = NO;
				ENABLE_STRICT_OBJC_MSGSEND = YES;
				GCC_C_LANGUAGE_STANDARD = gnu11;
				GCC_NO_COMMON_BLOCKS = YES;
				GCC_WARN_64_TO_32_BIT_CONVERSION = YES;
				GCC_WARN_ABOUT_RETURN_TYPE = YES_ERROR;
				GCC_WARN_UNDECLARED_SELECTOR = YES;
				GCC_WARN_UNINITIALIZED_AUTOS = YES_AGGRESSIVE;
				GCC_WARN_UNUSED_FUNCTION = YES;
				GCC_WARN_UNUSED_VARIABLE = YES;
				IPHONEOS_DEPLOYMENT_TARGET = 16.1;
				MTL_ENABLE_DEBUG_INFO = NO;
				MTL_FAST_MATH = YES;
				SDKROOT = iphoneos;
				SWIFT_COMPILATION_MODE = wholemodule;
				SWIFT_OPTIMIZATION_LEVEL = "-O";
				VALIDATE_PRODUCT = YES;
			};
			name = Release;
		};
		3EB7226929E85B0600CDAD56 /* Debug */ = {
			isa = XCBuildConfiguration;
			baseConfigurationReference = BC1C9045EE8686907E61BB7D /* Pods-TextfieldValidationApp.debug.xcconfig */;
			buildSettings = {
				ASSETCATALOG_COMPILER_APPICON_NAME = AppIcon;
				ASSETCATALOG_COMPILER_GLOBAL_ACCENT_COLOR_NAME = AccentColor;
				CODE_SIGN_STYLE = Automatic;
				CURRENT_PROJECT_VERSION = 1;
				GENERATE_INFOPLIST_FILE = YES;
				INFOPLIST_FILE = TextfieldValidationApp/Info.plist;
				INFOPLIST_KEY_UIApplicationSupportsIndirectInputEvents = YES;
				INFOPLIST_KEY_UILaunchStoryboardName = LaunchScreen;
				INFOPLIST_KEY_UIMainStoryboardFile = Main;
				INFOPLIST_KEY_UISupportedInterfaceOrientations_iPad = "UIInterfaceOrientationPortrait UIInterfaceOrientationPortraitUpsideDown UIInterfaceOrientationLandscapeLeft UIInterfaceOrientationLandscapeRight";
				INFOPLIST_KEY_UISupportedInterfaceOrientations_iPhone = "UIInterfaceOrientationPortrait UIInterfaceOrientationLandscapeLeft UIInterfaceOrientationLandscapeRight";
				LD_RUNPATH_SEARCH_PATHS = (
					"$(inherited)",
					"@executable_path/Frameworks",
				);
				MARKETING_VERSION = 1.0;
				PRODUCT_BUNDLE_IDENTIFIER = jahangir.TextfieldValidationApp;
				PRODUCT_NAME = "$(TARGET_NAME)";
				SWIFT_EMIT_LOC_STRINGS = YES;
				SWIFT_VERSION = 5.0;
				TARGETED_DEVICE_FAMILY = "1,2";
			};
			name = Debug;
		};
		3EB7226A29E85B0600CDAD56 /* Release */ = {
			isa = XCBuildConfiguration;
			baseConfigurationReference = D3422A048BBEBA27DAF34FC7 /* Pods-TextfieldValidationApp.release.xcconfig */;
			buildSettings = {
				ASSETCATALOG_COMPILER_APPICON_NAME = AppIcon;
				ASSETCATALOG_COMPILER_GLOBAL_ACCENT_COLOR_NAME = AccentColor;
				CODE_SIGN_STYLE = Automatic;
				CURRENT_PROJECT_VERSION = 1;
				GENERATE_INFOPLIST_FILE = YES;
				INFOPLIST_FILE = TextfieldValidationApp/Info.plist;
				INFOPLIST_KEY_UIApplicationSupportsIndirectInputEvents = YES;
				INFOPLIST_KEY_UILaunchStoryboardName = LaunchScreen;
				INFOPLIST_KEY_UIMainStoryboardFile = Main;
				INFOPLIST_KEY_UISupportedInterfaceOrientations_iPad = "UIInterfaceOrientationPortrait UIInterfaceOrientationPortraitUpsideDown UIInterfaceOrientationLandscapeLeft UIInterfaceOrientationLandscapeRight";
				INFOPLIST_KEY_UISupportedInterfaceOrientations_iPhone = "UIInterfaceOrientationPortrait UIInterfaceOrientationLandscapeLeft UIInterfaceOrientationLandscapeRight";
				LD_RUNPATH_SEARCH_PATHS = (
					"$(inherited)",
					"@executable_path/Frameworks",
				);
				MARKETING_VERSION = 1.0;
				PRODUCT_BUNDLE_IDENTIFIER = jahangir.TextfieldValidationApp;
				PRODUCT_NAME = "$(TARGET_NAME)";
				SWIFT_EMIT_LOC_STRINGS = YES;
				SWIFT_VERSION = 5.0;
				TARGETED_DEVICE_FAMILY = "1,2";
			};
			name = Release;
		};
/* End XCBuildConfiguration section */

/* Begin XCConfigurationList section */
		3EB7224F29E85B0500CDAD56 /* Build configuration list for PBXProject "TextfieldValidationApp" */ = {
			isa = XCConfigurationList;
			buildConfigurations = (
				3EB7226629E85B0600CDAD56 /* Debug */,
				3EB7226729E85B0600CDAD56 /* Release */,
			);
			defaultConfigurationIsVisible = 0;
			defaultConfigurationName = Release;
		};
		3EB7226829E85B0600CDAD56 /* Build configuration list for PBXNativeTarget "TextfieldValidationApp" */ = {
			isa = XCConfigurationList;
			buildConfigurations = (
				3EB7226929E85B0600CDAD56 /* Debug */,
				3EB7226A29E85B0600CDAD56 /* Release */,
			);
			defaultConfigurationIsVisible = 0;
			defaultConfigurationName = Release;
		};
/* End XCConfigurationList section */
	};
	rootObject = 3EB7224C29E85B0500CDAD56 /* Project object */;
}
